// !$*UTF8*$!
{
	archiveVersion = 1;
	classes = {
	};
	objectVersion = 50;
	objects = {

/* Begin PBXBuildFile section */
		043E826620EE226300BB9021 /* AppDelegate.swift in Sources */ = {isa = PBXBuildFile; fileRef = 043E826520EE226300BB9021 /* AppDelegate.swift */; };
		043E826820EE226300BB9021 /* ViewController.swift in Sources */ = {isa = PBXBuildFile; fileRef = 043E826720EE226300BB9021 /* ViewController.swift */; };
		043E826B20EE226300BB9021 /* Main.storyboard in Resources */ = {isa = PBXBuildFile; fileRef = 043E826920EE226300BB9021 /* Main.storyboard */; };
		043E826D20EE226400BB9021 /* Assets.xcassets in Resources */ = {isa = PBXBuildFile; fileRef = 043E826C20EE226400BB9021 /* Assets.xcassets */; };
		043E827020EE226400BB9021 /* LaunchScreen.storyboard in Resources */ = {isa = PBXBuildFile; fileRef = 043E826E20EE226400BB9021 /* LaunchScreen.storyboard */; };
		6F85D326DD129D1C6DCDE92F /* Pods_LoginWithTwitter.framework in Frameworks */ = {isa = PBXBuildFile; fileRef = D9DB975FF035EBB1C5FCE8B3 /* Pods_LoginWithTwitter.framework */; };
/* End PBXBuildFile section */

/* Begin PBXFileReference section */
		043E826220EE226300BB9021 /* LoginWithTwitter.app */ = {isa = PBXFileReference; explicitFileType = wrapper.application; includeInIndex = 0; path = LoginWithTwitter.app; sourceTree = BUILT_PRODUCTS_DIR; };
		043E826520EE226300BB9021 /* AppDelegate.swift */ = {isa = PBXFileReference; lastKnownFileType = sourcecode.swift; path = AppDelegate.swift; sourceTree = "<group>"; };
		043E826720EE226300BB9021 /* ViewController.swift */ = {isa = PBXFileReference; lastKnownFileType = sourcecode.swift; path = ViewController.swift; sourceTree = "<group>"; };
		043E826A20EE226300BB9021 /* Base */ = {isa = PBXFileReference; lastKnownFileType = file.storyboard; name = Base; path = Base.lproj/Main.storyboard; sourceTree = "<group>"; };
		043E826C20EE226400BB9021 /* Assets.xcassets */ = {isa = PBXFileReference; lastKnownFileType = folder.assetcatalog; path = Assets.xcassets; sourceTree = "<group>"; };
		043E826F20EE226400BB9021 /* Base */ = {isa = PBXFileReference; lastKnownFileType = file.storyboard; name = Base; path = Base.lproj/LaunchScreen.storyboard; sourceTree = "<group>"; };
		043E827120EE226400BB9021 /* Info.plist */ = {isa = PBXFileReference; lastKnownFileType = text.plist.xml; path = Info.plist; sourceTree = "<group>"; };
		66D6241499C95BEDD028347D /* Pods-LoginWithTwitter.release.xcconfig */ = {isa = PBXFileReference; includeInIndex = 1; lastKnownFileType = text.xcconfig; name = "Pods-LoginWithTwitter.release.xcconfig"; path = "Pods/Target Support Files/Pods-LoginWithTwitter/Pods-LoginWithTwitter.release.xcconfig"; sourceTree = "<group>"; };
		79DB63434C032BC528895FD9 /* Pods-LoginWithTwitter.debug.xcconfig */ = {isa = PBXFileReference; includeInIndex = 1; lastKnownFileType = text.xcconfig; name = "Pods-LoginWithTwitter.debug.xcconfig"; path = "Pods/Target Support Files/Pods-LoginWithTwitter/Pods-LoginWithTwitter.debug.xcconfig"; sourceTree = "<group>"; };
		D9DB975FF035EBB1C5FCE8B3 /* Pods_LoginWithTwitter.framework */ = {isa = PBXFileReference; explicitFileType = wrapper.framework; includeInIndex = 0; path = Pods_LoginWithTwitter.framework; sourceTree = BUILT_PRODUCTS_DIR; };
/* End PBXFileReference section */

/* Begin PBXFrameworksBuildPhase section */
		043E825F20EE226300BB9021 /* Frameworks */ = {
			isa = PBXFrameworksBuildPhase;
			buildActionMask = 2147483647;
			files = (
				6F85D326DD129D1C6DCDE92F /* Pods_LoginWithTwitter.framework in Frameworks */,
			);
			runOnlyForDeploymentPostprocessing = 0;
		};
/* End PBXFrameworksBuildPhase section */

/* Begin PBXGroup section */
		043E825920EE226300BB9021 = {
			isa = PBXGroup;
			children = (
				043E826420EE226300BB9021 /* LoginWithTwitter */,
				043E826320EE226300BB9021 /* Products */,
				409312044208D3A504CC9BA4 /* Pods */,
				48AFA1F63411FE61192A9E99 /* Frameworks */,
			);
			sourceTree = "<group>";
		};
		043E826320EE226300BB9021 /* Products */ = {
			isa = PBXGroup;
			children = (
				043E826220EE226300BB9021 /* LoginWithTwitter.app */,
			);
			name = Products;
			sourceTree = "<group>";
		};
		043E826420EE226300BB9021 /* LoginWithTwitter */ = {
			isa = PBXGroup;
			children = (
				043E826520EE226300BB9021 /* AppDelegate.swift */,
				043E826720EE226300BB9021 /* ViewController.swift */,
				043E826920EE226300BB9021 /* Main.storyboard */,
				043E826C20EE226400BB9021 /* Assets.xcassets */,
				043E826E20EE226400BB9021 /* LaunchScreen.storyboard */,
				043E827120EE226400BB9021 /* Info.plist */,
			);
			path = LoginWithTwitter;
			sourceTree = "<group>";
		};
		409312044208D3A504CC9BA4 /* Pods */ = {
			isa = PBXGroup;
			children = (
				79DB63434C032BC528895FD9 /* Pods-LoginWithTwitter.debug.xcconfig */,
				66D6241499C95BEDD028347D /* Pods-LoginWithTwitter.release.xcconfig */,
			);
			name = Pods;
			sourceTree = "<group>";
		};
		48AFA1F63411FE61192A9E99 /* Frameworks */ = {
			isa = PBXGroup;
			children = (
				D9DB975FF035EBB1C5FCE8B3 /* Pods_LoginWithTwitter.framework */,
			);
			name = Frameworks;
			sourceTree = "<group>";
		};
/* End PBXGroup section */

/* Begin PBXNativeTarget section */
		043E826120EE226300BB9021 /* LoginWithTwitter */ = {
			isa = PBXNativeTarget;
			buildConfigurationList = 043E827420EE226400BB9021 /* Build configuration list for PBXNativeTarget "LoginWithTwitter" */;
			buildPhases = (
				5F2A78A31D725CE4FDB76A5B /* [CP] Check Pods Manifest.lock */,
				043E825E20EE226300BB9021 /* Sources */,
				043E825F20EE226300BB9021 /* Frameworks */,
				043E826020EE226300BB9021 /* Resources */,
				5EFADCC5C410D6D8270333AD /* [CP] Embed Pods Frameworks */,
				93979ECED6041FE7ECA30EB7 /* [CP] Copy Pods Resources */,
			);
			buildRules = (
			);
			dependencies = (
			);
			name = LoginWithTwitter;
			productName = LoginWithTwitter;
			productReference = 043E826220EE226300BB9021 /* LoginWithTwitter.app */;
			productType = "com.apple.product-type.application";
		};
/* End PBXNativeTarget section */

/* Begin PBXProject section */
		043E825A20EE226300BB9021 /* Project object */ = {
			isa = PBXProject;
			attributes = {
				LastSwiftUpdateCheck = 0940;
				LastUpgradeCheck = 0940;
				ORGANIZATIONNAME = mac;
				TargetAttributes = {
					043E826120EE226300BB9021 = {
						CreatedOnToolsVersion = 9.4.1;
					};
				};
			};
			buildConfigurationList = 043E825D20EE226300BB9021 /* Build configuration list for PBXProject "LoginWithTwitter" */;
			compatibilityVersion = "Xcode 9.3";
			developmentRegion = en;
			hasScannedForEncodings = 0;
			knownRegions = (
				en,
				Base,
			);
			mainGroup = 043E825920EE226300BB9021;
			productRefGroup = 043E826320EE226300BB9021 /* Products */;
			projectDirPath = "";
			projectRoot = "";
			targets = (
				043E826120EE226300BB9021 /* LoginWithTwitter */,
			);
		};
/* End PBXProject section */

/* Begin PBXResourcesBuildPhase section */
		043E826020EE226300BB9021 /* Resources */ = {
			isa = PBXResourcesBuildPhase;
			buildActionMask = 2147483647;
			files = (
				043E827020EE226400BB9021 /* LaunchScreen.storyboard in Resources */,
				043E826D20EE226400BB9021 /* Assets.xcassets in Resources */,
				043E826B20EE226300BB9021 /* Main.storyboard in Resources */,
			);
			runOnlyForDeploymentPostprocessing = 0;
		};
/* End PBXResourcesBuildPhase section */

/* Begin PBXShellScriptBuildPhase section */
		5EFADCC5C410D6D8270333AD /* [CP] Embed Pods Frameworks */ = {
			isa = PBXShellScriptBuildPhase;
			buildActionMask = 2147483647;
			files = (
			);
			inputPaths = (
				"${SRCROOT}/Pods/Target Support Files/Pods-LoginWithTwitter/Pods-LoginWithTwitter-frameworks.sh",
				"${PODS_ROOT}/TwitterCore/iOS/TwitterCore.framework",
				"${PODS_ROOT}/TwitterKit/iOS/TwitterKit.framework",
			);
			name = "[CP] Embed Pods Frameworks";
			outputPaths = (
				"${TARGET_BUILD_DIR}/${FRAMEWORKS_FOLDER_PATH}/TwitterCore.framework",
				"${TARGET_BUILD_DIR}/${FRAMEWORKS_FOLDER_PATH}/TwitterKit.framework",
			);
			runOnlyForDeploymentPostprocessing = 0;
			shellPath = /bin/sh;
			shellScript = "\"${SRCROOT}/Pods/Target Support Files/Pods-LoginWithTwitter/Pods-LoginWithTwitter-frameworks.sh\"\n";
			showEnvVarsInLog = 0;
		};
		5F2A78A31D725CE4FDB76A5B /* [CP] Check Pods Manifest.lock */ = {
			isa = PBXShellScriptBuildPhase;
			buildActionMask = 2147483647;
			files = (
			);
			inputPaths = (
				"${PODS_PODFILE_DIR_PATH}/Podfile.lock",
				"${PODS_ROOT}/Manifest.lock",
			);
			name = "[CP] Check Pods Manifest.lock";
			outputPaths = (
				"$(DERIVED_FILE_DIR)/Pods-LoginWithTwitter-checkManifestLockResult.txt",
			);
			runOnlyForDeploymentPostprocessing = 0;
			shellPath = /bin/sh;
			shellScript = "diff \"${PODS_PODFILE_DIR_PATH}/Podfile.lock\" \"${PODS_ROOT}/Manifest.lock\" > /dev/null\nif [ $? != 0 ] ; then\n    # print error to STDERR\n    echo \"error: The sandbox is not in sync with the Podfile.lock. Run 'pod install' or update your CocoaPods installation.\" >&2\n    exit 1\nfi\n# This output is used by Xcode 'outputs' to avoid re-running this script phase.\necho \"SUCCESS\" > \"${SCRIPT_OUTPUT_FILE_0}\"\n";
			showEnvVarsInLog = 0;
		};
		93979ECED6041FE7ECA30EB7 /* [CP] Copy Pods Resources */ = {
			isa = PBXShellScriptBuildPhase;
			buildActionMask = 2147483647;
			files = (
			);
			inputPaths = (
				"${SRCROOT}/Pods/Target Support Files/Pods-LoginWithTwitter/Pods-LoginWithTwitter-resources.sh",
				"${PODS_ROOT}/TwitterKit/iOS/TwitterKit.framework/TwitterKitResources.bundle",
				"${PODS_ROOT}/TwitterKit/iOS/TwitterKit.framework/TwitterShareExtensionUIResources.bundle",
			);
			name = "[CP] Copy Pods Resources";
			outputPaths = (
				"${TARGET_BUILD_DIR}/${UNLOCALIZED_RESOURCES_FOLDER_PATH}/TwitterKitResources.bundle",
				"${TARGET_BUILD_DIR}/${UNLOCALIZED_RESOURCES_FOLDER_PATH}/TwitterShareExtensionUIResources.bundle",
			);
			runOnlyForDeploymentPostprocessing = 0;
			shellPath = /bin/sh;
			shellScript = "\"${SRCROOT}/Pods/Target Support Files/Pods-LoginWithTwitter/Pods-LoginWithTwitter-resources.sh\"\n";
			showEnvVarsInLog = 0;
		};
/* End PBXShellScriptBuildPhase section */

/* Begin PBXSourcesBuildPhase section */
		043E825E20EE226300BB9021 /* Sources */ = {
			isa = PBXSourcesBuildPhase;
			buildActionMask = 2147483647;
			files = (
				043E826820EE226300BB9021 /* ViewController.swift in Sources */,
				043E826620EE226300BB9021 /* AppDelegate.swift in Sources */,
			);
			runOnlyForDeploymentPostprocessing = 0;
		};
/* End PBXSourcesBuildPhase section */

/* Begin PBXVariantGroup section */
		043E826920EE226300BB9021 /* Main.storyboard */ = {
			isa = PBXVariantGroup;
			children = (
				043E826A20EE226300BB9021 /* Base */,
			);
			name = Main.storyboard;
			sourceTree = "<group>";
		};
		043E826E20EE226400BB9021 /* LaunchScreen.storyboard */ = {
			isa = PBXVariantGroup;
			children = (
				043E826F20EE226400BB9021 /* Base */,
			);
			name = LaunchScreen.storyboard;
			sourceTree = "<group>";
		};
/* End PBXVariantGroup section */

/* Begin XCBuildConfiguration section */
		043E827220EE226400BB9021 /* Debug */ = {
			isa = XCBuildConfiguration;
			buildSettings = {
				ALWAYS_SEARCH_USER_PATHS = NO;
				CLANG_ANALYZER_NONNULL = YES;
				CLANG_ANALYZER_NUMBER_OBJECT_CONVERSION = YES_AGGRESSIVE;
				CLANG_CXX_LANGUAGE_STANDARD = "gnu++14";
				CLANG_CXX_LIBRARY = "libc++";
				CLANG_ENABLE_MODULES = YES;
				CLANG_ENABLE_OBJC_ARC = YES;
				CLANG_ENABLE_OBJC_WEAK = YES;
				CLANG_WARN_BLOCK_CAPTURE_AUTORELEASING = YES;
				CLANG_WARN_BOOL_CONVERSION = YES;
				CLANG_WARN_COMMA = YES;
				CLANG_WARN_CONSTANT_CONVERSION = YES;
				CLANG_WARN_DEPRECATED_OBJC_IMPLEMENTATIONS = YES;
				CLANG_WARN_DIRECT_OBJC_ISA_USAGE = YES_ERROR;
				CLANG_WARN_DOCUMENTATION_COMMENTS = YES;
				CLANG_WARN_EMPTY_BODY = YES;
				CLANG_WARN_ENUM_CONVERSION = YES;
				CLANG_WARN_INFINITE_RECURSION = YES;
				CLANG_WARN_INT_CONVERSION = YES;
				CLANG_WARN_NON_LITERAL_NULL_CONVERSION = YES;
				CLANG_WARN_OBJC_IMPLICIT_RETAIN_SELF = YES;
				CLANG_WARN_OBJC_LITERAL_CONVERSION = YES;
				CLANG_WARN_OBJC_ROOT_CLASS = YES_ERROR;
				CLANG_WARN_RANGE_LOOP_ANALYSIS = YES;
				CLANG_WARN_STRICT_PROTOTYPES = YES;
				CLANG_WARN_SUSPICIOUS_MOVE = YES;
				CLANG_WARN_UNGUARDED_AVAILABILITY = YES_AGGRESSIVE;
				CLANG_WARN_UNREACHABLE_CODE = YES;
				CLANG_WARN__DUPLICATE_METHOD_MATCH = YES;
				CODE_SIGN_IDENTITY = "iPhone Developer";
				COPY_PHASE_STRIP = NO;
				DEBUG_INFORMATION_FORMAT = dwarf;
				ENABLE_STRICT_OBJC_MSGSEND = YES;
				ENABLE_TESTABILITY = YES;
				GCC_C_LANGUAGE_STANDARD = gnu11;
				GCC_DYNAMIC_NO_PIC = NO;
				GCC_NO_COMMON_BLOCKS = YES;
				GCC_OPTIMIZATION_LEVEL = 0;
				GCC_PREPROCESSOR_DEFINITIONS = (
					"DEBUG=1",
					"$(inherited)",
				);
				GCC_WARN_64_TO_32_BIT_CONVERSION = YES;
				GCC_WARN_ABOUT_RETURN_TYPE = YES_ERROR;
				GCC_WARN_UNDECLARED_SELECTOR = YES;
				GCC_WARN_UNINITIALIZED_AUTOS = YES_AGGRESSIVE;
				GCC_WARN_UNUSED_FUNCTION = YES;
				GCC_WARN_UNUSED_VARIABLE = YES;
				IPHONEOS_DEPLOYMENT_TARGET = 11.4;
				MTL_ENABLE_DEBUG_INFO = YES;
				ONLY_ACTIVE_ARCH = YES;
				SDKROOT = iphoneos;
				SWIFT_ACTIVE_COMPILATION_CONDITIONS = DEBUG;
				SWIFT_OPTIMIZATION_LEVEL = "-Onone";
			};
			name = Debug;
		};
		043E827320EE226400BB9021 /* Release */ = {
			isa = XCBuildConfiguration;
			buildSettings = {
				ALWAYS_SEARCH_USER_PATHS = NO;
				CLANG_ANALYZER_NONNULL = YES;
				CLANG_ANALYZER_NUMBER_OBJECT_CONVERSION = YES_AGGRESSIVE;
				CLANG_CXX_LANGUAGE_STANDARD = "gnu++14";
				CLANG_CXX_LIBRARY = "libc++";
				CLANG_ENABLE_MODULES = YES;
				CLANG_ENABLE_OBJC_ARC = YES;
				CLANG_ENABLE_OBJC_WEAK = YES;
				CLANG_WARN_BLOCK_CAPTURE_AUTORELEASING = YES;
				CLANG_WARN_BOOL_CONVERSION = YES;
				CLANG_WARN_COMMA = YES;
				CLANG_WARN_CONSTANT_CONVERSION = YES;
				CLANG_WARN_DEPRECATED_OBJC_IMPLEMENTATIONS = YES;
				CLANG_WARN_DIRECT_OBJC_ISA_USAGE = YES_ERROR;
				CLANG_WARN_DOCUMENTATION_COMMENTS = YES;
				CLANG_WARN_EMPTY_BODY = YES;
				CLANG_WARN_ENUM_CONVERSION = YES;
				CLANG_WARN_INFINITE_RECURSION = YES;
				CLANG_WARN_INT_CONVERSION = YES;
				CLANG_WARN_NON_LITERAL_NULL_CONVERSION = YES;
				CLANG_WARN_OBJC_IMPLICIT_RETAIN_SELF = YES;
				CLANG_WARN_OBJC_LITERAL_CONVERSION = YES;
				CLANG_WARN_OBJC_ROOT_CLASS = YES_ERROR;
				CLANG_WARN_RANGE_LOOP_ANALYSIS = YES;
				CLANG_WARN_STRICT_PROTOTYPES = YES;
				CLANG_WARN_SUSPICIOUS_MOVE = YES;
				CLANG_WARN_UNGUARDED_AVAILABILITY = YES_AGGRESSIVE;
				CLANG_WARN_UNREACHABLE_CODE = YES;
				CLANG_WARN__DUPLICATE_METHOD_MATCH = YES;
				CODE_SIGN_IDENTITY = "iPhone Developer";
				COPY_PHASE_STRIP = NO;
				DEBUG_INFORMATION_FORMAT = "dwarf-with-dsym";
				ENABLE_NS_ASSERTIONS = NO;
				ENABLE_STRICT_OBJC_MSGSEND = YES;
				GCC_C_LANGUAGE_STANDARD = gnu11;
				GCC_NO_COMMON_BLOCKS = YES;
				GCC_WARN_64_TO_32_BIT_CONVERSION = YES;
				GCC_WARN_ABOUT_RETURN_TYPE = YES_ERROR;
				GCC_WARN_UNDECLARED_SELECTOR = YES;
				GCC_WARN_UNINITIALIZED_AUTOS = YES_AGGRESSIVE;
				GCC_WARN_UNUSED_FUNCTION = YES;
				GCC_WARN_UNUSED_VARIABLE = YES;
				IPHONEOS_DEPLOYMENT_TARGET = 11.4;
				MTL_ENABLE_DEBUG_INFO = NO;
				SDKROOT = iphoneos;
				SWIFT_COMPILATION_MODE = wholemodule;
				SWIFT_OPTIMIZATION_LEVEL = "-O";
				VALIDATE_PRODUCT = YES;
			};
			name = Release;
		};
		043E827520EE226400BB9021 /* Debug */ = {
			isa = XCBuildConfiguration;
			baseConfigurationReference = 79DB63434C032BC528895FD9 /* Pods-LoginWithTwitter.debug.xcconfig */;
			buildSettings = {
				ASSETCATALOG_COMPILER_APPICON_NAME = AppIcon;
				CODE_SIGN_STYLE = Automatic;
				INFOPLIST_FILE = LoginWithTwitter/Info.plist;
				LD_RUNPATH_SEARCH_PATHS = (
					"$(inherited)",
					"@executable_path/Frameworks",
				);
				PRODUCT_BUNDLE_IDENTIFIER = com.QRC.LoginWithTwitter;
				PRODUCT_NAME = "$(TARGET_NAME)";
				SWIFT_VERSION = 4.0;
				TARGETED_DEVICE_FAMILY = "1,2";
			};
			name = Debug;
		};
		043E827620EE226400BB9021 /* Release */ = {
			isa = XCBuildConfiguration;
			baseConfigurationReference = 66D6241499C95BEDD028347D /* Pods-LoginWithTwitter.release.xcconfig */;
			buildSettings = {
				ASSETCATALOG_COMPILER_APPICON_NAME = AppIcon;
				CODE_SIGN_STYLE = Automatic;
				INFOPLIST_FILE = LoginWithTwitter/Info.plist;
				LD_RUNPATH_SEARCH_PATHS = (
					"$(inherited)",
					"@executable_path/Frameworks",
				);
				PRODUCT_BUNDLE_IDENTIFIER = com.QRC.LoginWithTwitter;
				PRODUCT_NAME = "$(TARGET_NAME)";
				SWIFT_VERSION = 4.0;
				TARGETED_DEVICE_FAMILY = "1,2";
			};
			name = Release;
		};
/* End XCBuildConfiguration section */

/* Begin XCConfigurationList section */
		043E825D20EE226300BB9021 /* Build configuration list for PBXProject "LoginWithTwitter" */ = {
			isa = XCConfigurationList;
			buildConfigurations = (
				043E827220EE226400BB9021 /* Debug */,
				043E827320EE226400BB9021 /* Release */,
			);
			defaultConfigurationIsVisible = 0;
			defaultConfigurationName = Release;
		};
		043E827420EE226400BB9021 /* Build configuration list for PBXNativeTarget "LoginWithTwitter" */ = {
			isa = XCConfigurationList;
			buildConfigurations = (
				043E827520EE226400BB9021 /* Debug */,
				043E827620EE226400BB9021 /* Release */,
			);
			defaultConfigurationIsVisible = 0;
			defaultConfigurationName = Release;
		};
/* End XCConfigurationList section */
	};
	rootObject = 043E825A20EE226300BB9021 /* Project object */;
}
